
Microsoft Visual Studio Solution File, Format Version 11.00
# Visual Studio 2010
Project("{FAE04EC0-301F-11D3-BF4B-00C04F79EFBC}") = "IMA beta", "IMA beta\IMA beta.csproj", "{600EEAEC-1942-4222-B2E9-B6CBE6A20F8A}"
EndProject
Global
	GlobalSection(SolutionConfigurationPlatforms) = preSolution
		Debug|Any CPU = Debug|Any CPU
		Release|Any CPU = Release|Any CPU
	EndGlobalSection
	GlobalSection(ProjectConfigurationPlatforms) = postSolution
		{600EEAEC-1942-4222-B2E9-B6CBE6A20F8A}.Debug|Any CPU.ActiveCfg = Debug|Any CPU
		{600EEAEC-1942-4222-B2E9-B6CBE6A20F8A}.Debug|Any CPU.Build.0 = Debug|Any CPU
		{600EEAEC-1942-4222-B2E9-B6CBE6A20F8A}.Release|Any CPU.ActiveCfg = Release|Any CPU
		{600EEAEC-1942-4222-B2E9-B6CBE6A20F8A}.Release|Any CPU.Build.0 = Release|Any CPU
	EndGlobalSection
	GlobalSection(SolutionProperties) = preSolution
		HideSolutionNode = FALSE
	EndGlobalSection
EndGlobal
